
Microsoft Visual Studio Solution File, Format Version 12.00
# Visual Studio Version 16
VisualStudioVersion = 16.0.29411.108
MinimumVisualStudioVersion = 10.0.40219.1
Project("{FAE04EC0-301F-11D3-BF4B-00C04F79EFBC}") = "Kinda cool", "Kinda cool\Kinda cool.csproj", "{4245636D-7F39-4B32-889D-C059A8429B86}"
EndProject
Global
	GlobalSection(SolutionConfigurationPlatforms) = preSolution
		Debug|Any CPU = Debug|Any CPU
		Release|Any CPU = Release|Any CPU
	EndGlobalSection
	GlobalSection(ProjectConfigurationPlatforms) = postSolution
		{4245636D-7F39-4B32-889D-C059A8429B86}.Debug|Any CPU.ActiveCfg = Debug|Any CPU
		{4245636D-7F39-4B32-889D-C059A8429B86}.Debug|Any CPU.Build.0 = Debug|Any CPU
		{4245636D-7F39-4B32-889D-C059A8429B86}.Release|Any CPU.ActiveCfg = Release|Any CPU
		{4245636D-7F39-4B32-889D-C059A8429B86}.Release|Any CPU.Build.0 = Release|Any CPU
	EndGlobalSection
	GlobalSection(SolutionProperties) = preSolution
		HideSolutionNode = FALSE
	EndGlobalSection
	GlobalSection(ExtensibilityGlobals) = postSolution
		SolutionGuid = {2BD68F4A-1DA7-4694-8252-3D4F812FCFAD}
	EndGlobalSection
EndGlobal
